
Microsoft Visual Studio Solution File, Format Version 12.00
# Visual Studio Version 17
VisualStudioVersion = 17.0.31903.59
MinimumVisualStudioVersion = 10.0.40219.1
Project("{FAE04EC0-301F-11D3-BF4B-00C04F79EFBC}") = "Zuricos.Folio.Api", "Zuricos.Folio.Api\Zuricos.Folio.Api.csproj", "{A0051344-7A9A-48D0-AF6D-16C2A9B18FB3}"
EndProject
Project("{FAE04EC0-301F-11D3-BF4B-00C04F79EFBC}") = "Zuricos.Folio.Data", "Zuricos.Folio.Data\Zuricos.Folio.Data.csproj", "{4719DD10-9AAA-4F96-B0A9-E4A1246B100E}"
EndProject
Project("{FAE04EC0-301F-11D3-BF4B-00C04F79EFBC}") = "Zuricos.Folio.Migrations.Psql", "Zuricos.Folio.Migrations.Psql\Zuricos.Folio.Migrations.Psql.csproj", "{53257CC0-485A-4DA7-9FCC-48AED6C37623}"
EndProject
Project("{FAE04EC0-301F-11D3-BF4B-00C04F79EFBC}") = "Zuricos.Folio.Migrations.Sqlite", "Zuricos.Folio.Migrations.Sqlite\Zuricos.Folio.Migrations.Sqlite.csproj", "{AC62E179-5907-439D-AFC8-D8766E34B962}"
EndProject
Global
	GlobalSection(SolutionConfigurationPlatforms) = preSolution
		Debug|Any CPU = Debug|Any CPU
		Release|Any CPU = Release|Any CPU
	EndGlobalSection
	GlobalSection(SolutionProperties) = preSolution
		HideSolutionNode = FALSE
	EndGlobalSection
	GlobalSection(ProjectConfigurationPlatforms) = postSolution
		{A0051344-7A9A-48D0-AF6D-16C2A9B18FB3}.Debug|Any CPU.ActiveCfg = Debug|Any CPU
		{A0051344-7A9A-48D0-AF6D-16C2A9B18FB3}.Debug|Any CPU.Build.0 = Debug|Any CPU
		{A0051344-7A9A-48D0-AF6D-16C2A9B18FB3}.Release|Any CPU.ActiveCfg = Release|Any CPU
		{A0051344-7A9A-48D0-AF6D-16C2A9B18FB3}.Release|Any CPU.Build.0 = Release|Any CPU
		{4719DD10-9AAA-4F96-B0A9-E4A1246B100E}.Debug|Any CPU.ActiveCfg = Debug|Any CPU
		{4719DD10-9AAA-4F96-B0A9-E4A1246B100E}.Debug|Any CPU.Build.0 = Debug|Any CPU
		{4719DD10-9AAA-4F96-B0A9-E4A1246B100E}.Release|Any CPU.ActiveCfg = Release|Any CPU
		{4719DD10-9AAA-4F96-B0A9-E4A1246B100E}.Release|Any CPU.Build.0 = Release|Any CPU
		{53257CC0-485A-4DA7-9FCC-48AED6C37623}.Debug|Any CPU.ActiveCfg = Debug|Any CPU
		{53257CC0-485A-4DA7-9FCC-48AED6C37623}.Debug|Any CPU.Build.0 = Debug|Any CPU
		{53257CC0-485A-4DA7-9FCC-48AED6C37623}.Release|Any CPU.ActiveCfg = Release|Any CPU
		{53257CC0-485A-4DA7-9FCC-48AED6C37623}.Release|Any CPU.Build.0 = Release|Any CPU
		{AC62E179-5907-439D-AFC8-D8766E34B962}.Debug|Any CPU.ActiveCfg = Debug|Any CPU
		{AC62E179-5907-439D-AFC8-D8766E34B962}.Debug|Any CPU.Build.0 = Debug|Any CPU
		{AC62E179-5907-439D-AFC8-D8766E34B962}.Release|Any CPU.ActiveCfg = Release|Any CPU
		{AC62E179-5907-439D-AFC8-D8766E34B962}.Release|Any CPU.Build.0 = Release|Any CPU
	EndGlobalSection
EndGlobal
